
Microsoft Visual Studio Solution File, Format Version 12.00
# Visual Studio Version 16
VisualStudioVersion = 16.0.29613.14
MinimumVisualStudioVersion = 10.0.40219.1
Project("{FAE04EC0-301F-11D3-BF4B-00C04F79EFBC}") = "PageRanking", "PageRanking\PageRanking.csproj", "{7AE11AB6-7D4A-43E2-9459-8638D415C0B9}"
EndProject
Global
	GlobalSection(SolutionConfigurationPlatforms) = preSolution
		Debug|Any CPU = Debug|Any CPU
		Release|Any CPU = Release|Any CPU
	EndGlobalSection
	GlobalSection(ProjectConfigurationPlatforms) = postSolution
		{7AE11AB6-7D4A-43E2-9459-8638D415C0B9}.Debug|Any CPU.ActiveCfg = Debug|Any CPU
		{7AE11AB6-7D4A-43E2-9459-8638D415C0B9}.Debug|Any CPU.Build.0 = Debug|Any CPU
		{7AE11AB6-7D4A-43E2-9459-8638D415C0B9}.Release|Any CPU.ActiveCfg = Release|Any CPU
		{7AE11AB6-7D4A-43E2-9459-8638D415C0B9}.Release|Any CPU.Build.0 = Release|Any CPU
	EndGlobalSection
	GlobalSection(SolutionProperties) = preSolution
		HideSolutionNode = FALSE
	EndGlobalSection
	GlobalSection(ExtensibilityGlobals) = postSolution
		SolutionGuid = {1A19F9B2-34A8-4898-9FB5-F798A27D62EA}
	EndGlobalSection
EndGlobal
